<?xml version="1.0" encoding="utf-8"?>
<Project ToolsVersion="4.0" xmlns="http://schemas.microsoft.com/developer/msbuild/2003">
  <ItemGroup>
    <Filter Include="源文件">
      <UniqueIdentifier>{4FC737F1-C7A5-4376-A066-2A32D752A2FF}</UniqueIdentifier>
      <Extensions>cpp;c;cc;cxx;def;odl;idl;hpj;bat;asm;asmx</Extensions>
    </Filter>
    <Filter Include="头文件">
      <UniqueIdentifier>{93995380-89BD-4b04-88EB-625FBE52EBFB}</UniqueIdentifier>
      <Extensions>h;hh;hpp;hxx;hm;inl;inc;ipp;xsd</Extensions>
    </Filter>
    <Filter Include="资源文件">
      <UniqueIdentifier>{67DA6AB6-F800-4c08-8B7A-83BB121AAD01}</UniqueIdentifier>
      <Extensions>rc;ico;cur;bmp;dlg;rc2;rct;bin;rgs;gif;jpg;jpeg;jpe;resx;tiff;tif;png;wav;mfcribbon-ms</Extensions>
    </Filter>
    <Filter Include="资源文件\Shader">
      <UniqueIdentifier>{b077fe4a-e6ae-4715-9b9c-1c6decfa18c1}</UniqueIdentifier>
    </Filter>
    <Filter Include="资源文件\resources">
      <UniqueIdentifier>{0941c5e2-4e8b-4241-af09-fe03671f45a8}</UniqueIdentifier>
    </Filter>
    <Filter Include="资源文件\resources\textures">
      <UniqueIdentifier>{1dd4e6e8-adac-49cc-8cbb-38e11007ba5e}</UniqueIdentifier>
    </Filter>
  </ItemGroup>
  <ItemGroup>
    <ClCompile Include="..\..\..\glad\src\glad.c">
      <Filter>源文件</Filter>
    </ClCompile>
    <ClCompile Include="main.cpp">
      <Filter>源文件</Filter>
    </ClCompile>
    <ClCompile Include="basic_lighting_diffuse.cpp">
      <Filter>源文件</Filter>
    </ClCompile>
    <ClCompile Include="a.cpp">
      <Filter>源文件</Filter>
    </ClCompile>
    <ClCompile Include="materials.cpp">
      <Filter>源文件</Filter>
    </ClCompile>
    <ClCompile Include="FileSystem.cpp">
      <Filter>源文件</Filter>
    </ClCompile>
    <ClCompile Include="model_loading.cpp">
      <Filter>源文件</Filter>
    </ClCompile>
    <ClCompile Include="stencil_testing.cpp">
      <Filter>源文件</Filter>
    </ClCompile>
    <ClCompile Include="blending_sorted.cpp">
      <Filter>源文件</Filter>
    </ClCompile>
    <ClCompile Include="framebuffers.cpp">
      <Filter>源文件</Filter>
    </ClCompile>
    <ClCompile Include="cubemaps_skybox.cpp">
      <Filter>源文件</Filter>
    </ClCompile>
    <ClCompile Include="advanced_glsl_ubo.cpp">
      <Filter>源文件</Filter>
    </ClCompile>
    <ClCompile Include="normal_visualization.cpp">
      <Filter>源文件</Filter>
    </ClCompile>
    <ClCompile Include="asteroids_instanced.cpp">
      <Filter>源文件</Filter>
    </ClCompile>
    <ClCompile Include="anti_aliasing_offscreen.cpp">
      <Filter>源文件</Filter>
    </ClCompile>
  </ItemGroup>
  <ItemGroup>
    <ClInclude Include="..\..\..\stb\stb_image.h">
      <Filter>头文件</Filter>
    </ClInclude>
    <ClInclude Include="..\..\..\glm\glm.hpp">
      <Filter>头文件</Filter>
    </ClInclude>
    <ClInclude Include="a.h">
      <Filter>源文件</Filter>
    </ClInclude>
    <ClInclude Include="pch.h">
      <Filter>头文件</Filter>
    </ClInclude>
    <ClInclude Include="FileSystem.h">
      <Filter>头文件</Filter>
    </ClInclude>
    <ClInclude Include="..\..\..\classes\learnopengl\shader.h">
      <Filter>头文件</Filter>
    </ClInclude>
    <ClInclude Include="..\..\..\classes\learnopengl\camera.h">
      <Filter>头文件</Filter>
    </ClInclude>
    <ClInclude Include="..\..\..\classes\learnopengl\mesh.h">
      <Filter>头文件</Filter>
    </ClInclude>
    <ClInclude Include="..\..\..\classes\learnopengl\model.h">
      <Filter>头文件</Filter>
    </ClInclude>
    <ClInclude Include="..\..\..\classes\learnopengl\shader_m.h">
      <Filter>头文件</Filter>
    </ClInclude>
  </ItemGroup>
  <ItemGroup>
    <None Include="..\..\..\shader\3.3.shaders_class\3.3.shader.fs">
      <Filter>资源文件\Shader</Filter>
    </None>
    <None Include="..\..\..\shader\3.3.shaders_class\3.3.shader.vs">
      <Filter>资源文件\Shader</Filter>
    </None>
    <None Include="..\..\..\shader\4.1.shaders_class\4.1.shader.vs">
      <Filter>资源文件\Shader</Filter>
    </None>
    <None Include="..\..\..\shader\4.1.shaders_class\4.1.shader.fs">
      <Filter>资源文件\Shader</Filter>
    </None>
    <None Include="..\..\..\shader\5.1.shaders_class\5.1.shader.fs">
      <Filter>资源文件\Shader</Filter>
    </None>
    <None Include="..\..\..\shader\5.1.shaders_class\5.1.shader.vs">
      <Filter>资源文件\Shader</Filter>
    </None>
    <None Include="..\..\..\shader\6.1.shaders_class\6.1.shader.fs">
      <Filter>资源文件\Shader</Filter>
    </None>
    <None Include="..\..\..\shader\6.1.shaders_class\6.1.shader.vs">
      <Filter>资源文件\Shader</Filter>
    </None>
    <None Include="..\..\..\shader\2.1.basic_lighting_diffuse\2.1.basic_lighting.fs">
      <Filter>资源文件\Shader</Filter>
    </None>
    <None Include="..\..\..\shader\2.1.basic_lighting_diffuse\2.1.basic_lighting.vs">
      <Filter>资源文件\Shader</Filter>
    </None>
    <None Include="..\..\..\shader\2.1.basic_lighting_diffuse\2.1.light_cube.fs">
      <Filter>资源文件\Shader</Filter>
    </None>
    <None Include="..\..\..\shader\2.1.basic_lighting_diffuse\2.1.light_cube.vs">
      <Filter>资源文件\Shader</Filter>
    </None>
    <None Include="..\..\..\shader\3.1.light_cube.fs">
      <Filter>资源文件\Shader</Filter>
    </None>
    <None Include="..\..\..\shader\3.1.light_cube.vs">
      <Filter>资源文件\Shader</Filter>
    </None>
    <None Include="..\..\..\shader\3.1.materials.fs">
      <Filter>资源文件\Shader</Filter>
    </None>
    <None Include="..\..\..\shader\3.1.materials.vs">
      <Filter>资源文件\Shader</Filter>
    </None>
    <None Include="..\..\..\shader\1.model_loading.fs">
      <Filter>资源文件\Shader</Filter>
    </None>
    <None Include="..\..\..\shader\1.model_loading.vs">
      <Filter>资源文件\Shader</Filter>
    </None>
    <None Include="..\..\..\shader\2.stencil_single_color.fs">
      <Filter>资源文件\Shader</Filter>
    </None>
    <None Include="..\..\..\shader\2.stencil_testing.fs">
      <Filter>资源文件\Shader</Filter>
    </None>
    <None Include="..\..\..\shader\2.stencil_testing.vs">
      <Filter>资源文件\Shader</Filter>
    </None>
    <None Include="..\..\..\shader\3.2.blending.fs">
      <Filter>资源文件\Shader</Filter>
    </None>
    <None Include="..\..\..\shader\3.2.blending.vs">
      <Filter>资源文件\Shader</Filter>
    </None>
    <None Include="..\..\..\shader\5.1.framebuffers_screen.fs">
      <Filter>资源文件\Shader</Filter>
    </None>
    <None Include="..\..\..\shader\5.1.framebuffers_screen.vs">
      <Filter>资源文件\Shader</Filter>
    </None>
    <None Include="..\..\..\shader\5.1.framebuffers.vs">
      <Filter>资源文件\Shader</Filter>
    </None>
    <None Include="..\..\..\shader\5.1.framebuffers.fs">
      <Filter>资源文件\Shader</Filter>
    </None>
    <None Include="..\..\..\shader\6.1.cubemaps.fs">
      <Filter>资源文件\Shader</Filter>
    </None>
    <None Include="..\..\..\shader\6.1.cubemaps.vs">
      <Filter>资源文件\Shader</Filter>
    </None>
    <None Include="..\..\..\shader\6.1.skybox.fs">
      <Filter>资源文件\Shader</Filter>
    </None>
    <None Include="..\..\..\shader\6.1.skybox.vs">
      <Filter>资源文件\Shader</Filter>
    </None>
    <None Include="..\..\..\shader\8.advanced_glsl.vs">
      <Filter>资源文件\Shader</Filter>
    </None>
    <None Include="..\..\..\shader\8.blue.fs">
      <Filter>资源文件\Shader</Filter>
    </None>
    <None Include="..\..\..\shader\8.green.fs">
      <Filter>资源文件\Shader</Filter>
    </None>
    <None Include="..\..\..\shader\8.red.fs">
      <Filter>资源文件\Shader</Filter>
    </None>
    <None Include="..\..\..\shader\8.yellow.fs">
      <Filter>资源文件\Shader</Filter>
    </None>
    <None Include="..\..\..\shader\9.3.default.fs">
      <Filter>资源文件\Shader</Filter>
    </None>
    <None Include="..\..\..\shader\9.3.default.vs">
      <Filter>资源文件\Shader</Filter>
    </None>
    <None Include="..\..\..\shader\9.3.normal_visualization.fs">
      <Filter>资源文件\Shader</Filter>
    </None>
    <None Include="..\..\..\shader\9.3.normal_visualization.gs">
      <Filter>资源文件\Shader</Filter>
    </None>
    <None Include="..\..\..\shader\9.3.normal_visualization.vs">
      <Filter>资源文件\Shader</Filter>
    </None>
    <None Include="..\..\..\shader\10.3.asteroids.fs">
      <Filter>资源文件\Shader</Filter>
    </None>
    <None Include="..\..\..\shader\10.3.asteroids.vs">
      <Filter>资源文件\Shader</Filter>
    </None>
    <None Include="..\..\..\shader\10.3.planet.fs">
      <Filter>资源文件\Shader</Filter>
    </None>
    <None Include="..\..\..\shader\10.3.planet.vs">
      <Filter>资源文件\Shader</Filter>
    </None>
    <None Include="..\..\..\shader\11.2.aa_post.fs">
      <Filter>资源文件\Shader</Filter>
    </None>
    <None Include="..\..\..\shader\11.2.aa_post.vs">
      <Filter>资源文件\Shader</Filter>
    </None>
    <None Include="..\..\..\shader\11.2.anti_aliasing.fs">
      <Filter>资源文件\Shader</Filter>
    </None>
    <None Include="..\..\..\shader\11.2.anti_aliasing.vs">
      <Filter>资源文件\Shader</Filter>
    </None>
  </ItemGroup>
  <ItemGroup>
    <Image Include="..\..\..\resources\textures\awesomeface.png">
      <Filter>资源文件\resources\textures</Filter>
    </Image>
    <Image Include="..\..\..\resources\textures\container.jpg">
      <Filter>资源文件\resources\textures</Filter>
    </Image>
    <Image Include="..\..\..\resources\textures\wall.jpg">
      <Filter>资源文件\resources\textures</Filter>
    </Image>
  </ItemGroup>
</Project>